
Microsoft Visual Studio Solution File, Format Version 12.00
# Visual Studio Version 16
VisualStudioVersion = 16.0.30503.244
MinimumVisualStudioVersion = 10.0.40219.1
Project("{FAE04EC0-301F-11D3-BF4B-00C04F79EFBC}") = "PROYECTO1", "PROYECTO1\PROYECTO1.csproj", "{C55E0F05-1C46-472C-AF99-DEC94C33C5CC}"
EndProject
Global
	GlobalSection(SolutionConfigurationPlatforms) = preSolution
		Debug|Any CPU = Debug|Any CPU
		Release|Any CPU = Release|Any CPU
	EndGlobalSection
	GlobalSection(ProjectConfigurationPlatforms) = postSolution
		{C55E0F05-1C46-472C-AF99-DEC94C33C5CC}.Debug|Any CPU.ActiveCfg = Debug|Any CPU
		{C55E0F05-1C46-472C-AF99-DEC94C33C5CC}.Debug|Any CPU.Build.0 = Debug|Any CPU
		{C55E0F05-1C46-472C-AF99-DEC94C33C5CC}.Release|Any CPU.ActiveCfg = Release|Any CPU
		{C55E0F05-1C46-472C-AF99-DEC94C33C5CC}.Release|Any CPU.Build.0 = Release|Any CPU
	EndGlobalSection
	GlobalSection(SolutionProperties) = preSolution
		HideSolutionNode = FALSE
	EndGlobalSection
	GlobalSection(ExtensibilityGlobals) = postSolution
		SolutionGuid = {C08BA277-4BC2-4339-9BF1-1947FBACF258}
	EndGlobalSection
EndGlobal
